
Microsoft Visual Studio Solution File, Format Version 12.00
# Visual Studio Version 17
VisualStudioVersion = 17.0.31903.59
MinimumVisualStudioVersion = 10.0.40219.1
Project("{2150E333-8FDC-42A3-9474-1A3956D46DE8}") = "CS_Finance_App", "CS_Finance_App", "{2E80A642-C5D1-4A44-AB3D-05C9E3795E86}"
EndProject
Project("{9A19103F-16F7-4668-BE54-9A1E7A4F7556}") = "Services", "CS_Finance_App\AccountService\Services.csproj", "{726079E9-812D-4395-ABDB-552EEE876346}"
EndProject
Project("{9A19103F-16F7-4668-BE54-9A1E7A4F7556}") = "UnitTests", "CS_Finance_App\AccountService.Tests\UnitTests.csproj", "{66AF8CF8-282A-4360-8F84-0F54CFDCD39E}"
EndProject
Project("{9A19103F-16F7-4668-BE54-9A1E7A4F7556}") = "CSCentsationalApp", "CS_Finance_App\CentsationalApp\CSCentsationalApp.csproj", "{6CBA08FB-4CB3-46B9-BF01-CA2200EB92F6}"
EndProject
Project("{9A19103F-16F7-4668-BE54-9A1E7A4F7556}") = "CSCentsationalConsole", "CS_Finance_App\CentsationalConsole\CSCentsationalConsole.csproj", "{7F02CFDB-D918-439F-9131-61DDD2DD447C}"
EndProject
Project("{9A19103F-16F7-4668-BE54-9A1E7A4F7556}") = "Configuration", "CS_Finance_App\Configuration\Configuration.csproj", "{25C9F605-3B31-4437-8A6C-3985F11C2E4C}"
EndProject
Project("{9A19103F-16F7-4668-BE54-9A1E7A4F7556}") = "CSDomain", "CS_Finance_App\Domain\CSDomain.csproj", "{D36C87D7-BBF3-4994-B2BD-AF382834A4E3}"
EndProject
Project("{2150E333-8FDC-42A3-9474-1A3956D46DE8}") = "Documentation", "Documentation", "{534D3296-E014-4A3C-B1B4-BEA403C03720}"
	ProjectSection(SolutionItems) = preProject
		Documentation\PFA_Mockups.epgz = Documentation\PFA_Mockups.epgz
		Documentation\workflow.graphml = Documentation\workflow.graphml
	EndProjectSection
EndProject
Global
	GlobalSection(SolutionConfigurationPlatforms) = preSolution
		Debug|Any CPU = Debug|Any CPU
		Release|Any CPU = Release|Any CPU
	EndGlobalSection
	GlobalSection(ProjectConfigurationPlatforms) = postSolution
		{726079E9-812D-4395-ABDB-552EEE876346}.Debug|Any CPU.ActiveCfg = Debug|Any CPU
		{726079E9-812D-4395-ABDB-552EEE876346}.Debug|Any CPU.Build.0 = Debug|Any CPU
		{726079E9-812D-4395-ABDB-552EEE876346}.Release|Any CPU.ActiveCfg = Release|Any CPU
		{726079E9-812D-4395-ABDB-552EEE876346}.Release|Any CPU.Build.0 = Release|Any CPU
		{66AF8CF8-282A-4360-8F84-0F54CFDCD39E}.Debug|Any CPU.ActiveCfg = Debug|Any CPU
		{66AF8CF8-282A-4360-8F84-0F54CFDCD39E}.Debug|Any CPU.Build.0 = Debug|Any CPU
		{66AF8CF8-282A-4360-8F84-0F54CFDCD39E}.Release|Any CPU.ActiveCfg = Release|Any CPU
		{66AF8CF8-282A-4360-8F84-0F54CFDCD39E}.Release|Any CPU.Build.0 = Release|Any CPU
		{6CBA08FB-4CB3-46B9-BF01-CA2200EB92F6}.Debug|Any CPU.ActiveCfg = Debug|Any CPU
		{6CBA08FB-4CB3-46B9-BF01-CA2200EB92F6}.Debug|Any CPU.Build.0 = Debug|Any CPU
		{6CBA08FB-4CB3-46B9-BF01-CA2200EB92F6}.Release|Any CPU.ActiveCfg = Release|Any CPU
		{6CBA08FB-4CB3-46B9-BF01-CA2200EB92F6}.Release|Any CPU.Build.0 = Release|Any CPU
		{7F02CFDB-D918-439F-9131-61DDD2DD447C}.Debug|Any CPU.ActiveCfg = Debug|Any CPU
		{7F02CFDB-D918-439F-9131-61DDD2DD447C}.Debug|Any CPU.Build.0 = Debug|Any CPU
		{7F02CFDB-D918-439F-9131-61DDD2DD447C}.Release|Any CPU.ActiveCfg = Release|Any CPU
		{7F02CFDB-D918-439F-9131-61DDD2DD447C}.Release|Any CPU.Build.0 = Release|Any CPU
		{25C9F605-3B31-4437-8A6C-3985F11C2E4C}.Debug|Any CPU.ActiveCfg = Debug|Any CPU
		{25C9F605-3B31-4437-8A6C-3985F11C2E4C}.Debug|Any CPU.Build.0 = Debug|Any CPU
		{25C9F605-3B31-4437-8A6C-3985F11C2E4C}.Release|Any CPU.ActiveCfg = Release|Any CPU
		{25C9F605-3B31-4437-8A6C-3985F11C2E4C}.Release|Any CPU.Build.0 = Release|Any CPU
		{D36C87D7-BBF3-4994-B2BD-AF382834A4E3}.Debug|Any CPU.ActiveCfg = Debug|Any CPU
		{D36C87D7-BBF3-4994-B2BD-AF382834A4E3}.Debug|Any CPU.Build.0 = Debug|Any CPU
		{D36C87D7-BBF3-4994-B2BD-AF382834A4E3}.Release|Any CPU.ActiveCfg = Release|Any CPU
		{D36C87D7-BBF3-4994-B2BD-AF382834A4E3}.Release|Any CPU.Build.0 = Release|Any CPU
	EndGlobalSection
	GlobalSection(SolutionProperties) = preSolution
		HideSolutionNode = FALSE
	EndGlobalSection
	GlobalSection(NestedProjects) = preSolution
		{726079E9-812D-4395-ABDB-552EEE876346} = {2E80A642-C5D1-4A44-AB3D-05C9E3795E86}
		{66AF8CF8-282A-4360-8F84-0F54CFDCD39E} = {2E80A642-C5D1-4A44-AB3D-05C9E3795E86}
		{6CBA08FB-4CB3-46B9-BF01-CA2200EB92F6} = {2E80A642-C5D1-4A44-AB3D-05C9E3795E86}
		{7F02CFDB-D918-439F-9131-61DDD2DD447C} = {2E80A642-C5D1-4A44-AB3D-05C9E3795E86}
		{25C9F605-3B31-4437-8A6C-3985F11C2E4C} = {2E80A642-C5D1-4A44-AB3D-05C9E3795E86}
		{D36C87D7-BBF3-4994-B2BD-AF382834A4E3} = {2E80A642-C5D1-4A44-AB3D-05C9E3795E86}
	EndGlobalSection
	GlobalSection(ExtensibilityGlobals) = postSolution
		SolutionGuid = {EBAACEBC-7E2D-45F0-9A0F-AB0ED414FBBE}
	EndGlobalSection
EndGlobal
