
Microsoft Visual Studio Solution File, Format Version 12.00
# Visual Studio Version 17
VisualStudioVersion = 17.5.002.0
MinimumVisualStudioVersion = 10.0.40219.1
Project("{9A19103F-16F7-4668-BE54-9A1E7A4F7556}") = "centsational", "centsational.csproj", "{D2B855CF-BF5F-4294-9306-F59F2AD4BEDC}"
EndProject
Global
	GlobalSection(SolutionConfigurationPlatforms) = preSolution
		Debug|Any CPU = Debug|Any CPU
		Release|Any CPU = Release|Any CPU
	EndGlobalSection
	GlobalSection(ProjectConfigurationPlatforms) = postSolution
		{D2B855CF-BF5F-4294-9306-F59F2AD4BEDC}.Debug|Any CPU.ActiveCfg = Debug|Any CPU
		{D2B855CF-BF5F-4294-9306-F59F2AD4BEDC}.Debug|Any CPU.Build.0 = Debug|Any CPU
		{D2B855CF-BF5F-4294-9306-F59F2AD4BEDC}.Release|Any CPU.ActiveCfg = Release|Any CPU
		{D2B855CF-BF5F-4294-9306-F59F2AD4BEDC}.Release|Any CPU.Build.0 = Release|Any CPU
	EndGlobalSection
	GlobalSection(SolutionProperties) = preSolution
		HideSolutionNode = FALSE
	EndGlobalSection
	GlobalSection(ExtensibilityGlobals) = postSolution
		SolutionGuid = {E15C6D94-C470-4E80-B8C6-B6611DB847F4}
	EndGlobalSection
EndGlobal
